{
  "version": 4,
  "terraform_version": "1.9.6",
  "serial": 5,
  "lineage": "01ed8fbe-3c7a-2e27-9dd6-9bf8a7ff1e6b",
  "outputs": {
    "instance_id": {
      "value": "i-0d28ae80c86e405e3",
      "type": "string"
    },
    "public_ip": {
      "value": "65.0.180.142",
      "type": "string"
    }
  },
  "resources": [
    {
      "mode": "managed",
      "type": "aws_instance",
      "name": "app_server",
      "provider": "provider[\"registry.terraform.io/hashicorp/aws\"]",
      "instances": [
        {
          "schema_version": 2,
          "attributes": {
            "ami": "ami-03f4878755434977f",
            "arn": "arn:aws:ec2:ap-south-1:957798448690:instance/i-0d28ae80c86e405e3",
            "associate_public_ip_address": true,
            "availability_zone": "ap-south-1b",
            "capacity_reservation_specification": [
              {
                "capacity_reservation_preference": "open",
                "capacity_reservation_target": []
              }
            ],
            "cpu_options": [
              {
                "amd_sev_snp": "",
                "core_count": 1,
                "threads_per_core": 2
              }
            ],
            "credit_specification": [
              {
                "cpu_credits": "unlimited"
              }
            ],
            "disable_api_stop": false,
            "disable_api_termination": false,
            "ebs_block_device": [],
            "ebs_optimized": false,
            "enable_primary_ipv6": null,
            "enclave_options": [
              {
                "enabled": false
              }
            ],
            "ephemeral_block_device": [],
            "get_password_data": false,
            "hibernation": false,
            "host_id": "",
            "host_resource_group_arn": null,
            "iam_instance_profile": "",
            "id": "i-0d28ae80c86e405e3",
            "instance_initiated_shutdown_behavior": "stop",
            "instance_lifecycle": "",
            "instance_market_options": [],
            "instance_state": "running",
            "instance_type": "t3.micro",
            "ipv6_address_count": 0,
            "ipv6_addresses": [],
            "key_name": "dev-key",
            "launch_template": [],
            "maintenance_options": [
              {
                "auto_recovery": "default"
              }
            ],
            "metadata_options": [
              {
                "http_endpoint": "enabled",
                "http_protocol_ipv6": "disabled",
                "http_put_response_hop_limit": 1,
                "http_tokens": "optional",
                "instance_metadata_tags": "disabled"
              }
            ],
            "monitoring": false,
            "network_interface": [],
            "outpost_arn": "",
            "password_data": "",
            "placement_group": "",
            "placement_partition_number": 0,
            "primary_network_interface_id": "eni-01c943859a15ff006",
            "private_dns": "ip-172-31-1-67.ap-south-1.compute.internal",
            "private_dns_name_options": [
              {
                "enable_resource_name_dns_a_record": false,
                "enable_resource_name_dns_aaaa_record": false,
                "hostname_type": "ip-name"
              }
            ],
            "private_ip": "172.31.1.67",
            "public_dns": "ec2-65-0-180-142.ap-south-1.compute.amazonaws.com",
            "public_ip": "65.0.180.142",
            "region": "ap-south-1",
            "root_block_device": [
              {
                "delete_on_termination": true,
                "device_name": "/dev/sda1",
                "encrypted": false,
                "iops": 100,
                "kms_key_id": "",
                "tags": {},
                "tags_all": {},
                "throughput": 0,
                "volume_id": "vol-0346d15ed467e506d",
                "volume_size": 8,
                "volume_type": "gp2"
              }
            ],
            "secondary_private_ips": [],
            "security_groups": [
              "dev-app-server-sg"
            ],
            "source_dest_check": true,
            "spot_instance_request_id": "",
            "subnet_id": "subnet-044f3bf3525fb2860",
            "tags": {
              "Environment": "dev",
              "Name": "dev-app-server"
            },
            "tags_all": {
              "Environment": "dev",
              "Name": "dev-app-server"
            },
            "tenancy": "default",
            "timeouts": null,
            "user_data": "#!/bin/bash\n\n# Update and install dependencies\nsudo apt-get update\nsudo apt-get install -y git maven openjdk-21-jdk iptables-persistent\n\n# Clone and build application\nsudo git clone https://github.com/atharva5683/tech_eazy_devops_atharva5683 /home/ubuntu/app\nsudo chown -R ubuntu:ubuntu /home/ubuntu/app\ncd /home/ubuntu/app\nsudo mvn clean package\n\n# Configure port forwarding\nsudo iptables -t nat -A PREROUTING -p tcp --dport 80 -j REDIRECT --to-port 8080\nsudo iptables -t nat -A OUTPUT -p tcp -o lo --dport 80 -j REDIRECT --to-port 8080\nsudo netfilter-persistent save\n\n# Create service\ncat \u003c\u003c EOF | sudo tee /etc/systemd/system/app.service\n[Unit]\nDescription=Spring Boot Application\nAfter=network.target\n\n[Service]\nUser=ubuntu\nWorkingDirectory=/home/ubuntu/app\nExecStart=/usr/bin/java -jar target/techeazy-devops-0.0.1-SNAPSHOT.jar\nRestart=on-failure\n\n[Install]\nWantedBy=multi-user.target\nEOF\n\n# Start service\nsudo systemctl daemon-reload\nsudo systemctl enable app\nsudo systemctl start app\n\n# Auto-shutdown setup\necho \"#!/bin/bash\nsudo shutdown -h now\" \u003e /home/ubuntu/shutdown.sh\nchmod +x /home/ubuntu/shutdown.sh\necho \"*/5 * * * * if [ \\$(( \\$(date +%s) - \\$(stat -c %Y /home/ubuntu/app/.git/FETCH_HEAD) )) -gt $(( 60 * 60 )) ]; then /home/ubuntu/shutdown.sh; fi\" | crontab -",
            "user_data_base64": null,
            "user_data_replace_on_change": false,
            "volume_tags": null,
            "vpc_security_group_ids": [
              "sg-0114559e9b82af985"
            ]
          },
          "sensitive_attributes": [],
          "private": "eyJlMmJmYjczMC1lY2FhLTExZTYtOGY4OC0zNDM2M2JjN2M0YzAiOnsiY3JlYXRlIjo2MDAwMDAwMDAwMDAsImRlbGV0ZSI6MTIwMDAwMDAwMDAwMCwicmVhZCI6OTAwMDAwMDAwMDAwLCJ1cGRhdGUiOjYwMDAwMDAwMDAwMH0sInNjaGVtYV92ZXJzaW9uIjoiMiJ9",
          "dependencies": [
            "aws_security_group.app_sg"
          ]
        }
      ]
    },
    {
      "mode": "managed",
      "type": "aws_security_group",
      "name": "app_sg",
      "provider": "provider[\"registry.terraform.io/hashicorp/aws\"]",
      "instances": [
        {
          "schema_version": 1,
          "attributes": {
            "arn": "arn:aws:ec2:ap-south-1:957798448690:security-group/sg-0114559e9b82af985",
            "description": "Security group for dev application",
            "egress": [
              {
                "cidr_blocks": [
                  "0.0.0.0/0"
                ],
                "description": "",
                "from_port": 0,
                "ipv6_cidr_blocks": [],
                "prefix_list_ids": [],
                "protocol": "-1",
                "security_groups": [],
                "self": false,
                "to_port": 0
              }
            ],
            "id": "sg-0114559e9b82af985",
            "ingress": [
              {
                "cidr_blocks": [
                  "0.0.0.0/0"
                ],
                "description": "",
                "from_port": 22,
                "ipv6_cidr_blocks": [],
                "prefix_list_ids": [],
                "protocol": "tcp",
                "security_groups": [],
                "self": false,
                "to_port": 22
              },
              {
                "cidr_blocks": [
                  "0.0.0.0/0"
                ],
                "description": "",
                "from_port": 80,
                "ipv6_cidr_blocks": [],
                "prefix_list_ids": [],
                "protocol": "tcp",
                "security_groups": [],
                "self": false,
                "to_port": 80
              }
            ],
            "name": "dev-app-server-sg",
            "name_prefix": "",
            "owner_id": "957798448690",
            "region": "ap-south-1",
            "revoke_rules_on_delete": false,
            "tags": {},
            "tags_all": {},
            "timeouts": null,
            "vpc_id": "vpc-0232d7819d60f1f35"
          },
          "sensitive_attributes": [],
          "private": "eyJlMmJmYjczMC1lY2FhLTExZTYtOGY4OC0zNDM2M2JjN2M0YzAiOnsiY3JlYXRlIjo2MDAwMDAwMDAwMDAsImRlbGV0ZSI6OTAwMDAwMDAwMDAwfSwic2NoZW1hX3ZlcnNpb24iOiIxIn0="
        }
      ]
    }
  ],
  "check_results": null
}
